<?xml version="1.0" encoding="utf-8"?>
<Project ToolsVersion="4.0" xmlns="http://schemas.microsoft.com/developer/msbuild/2003">
  <ItemGroup>
    <Filter Include="Source Files">
      <UniqueIdentifier>{4FC737F1-C7A5-4376-A066-2A32D752A2FF}</UniqueIdentifier>
      <Extensions>cpp;c;cc;cxx;c++;cppm;ixx;def;odl;idl;hpj;bat;asm;asmx</Extensions>
    </Filter>
    <Filter Include="Header Files">
      <UniqueIdentifier>{93995380-89BD-4b04-88EB-625FBE52EBFB}</UniqueIdentifier>
      <Extensions>h;hh;hpp;hxx;h++;hm;inl;inc;ipp;xsd</Extensions>
    </Filter>
  </ItemGroup>
  <ItemGroup>
    <ClCompile Include="Main.cpp">
      <Filter>Source Files</Filter>
    </ClCompile>
    <ClCompile Include="Common.RNG.cpp">
      <Filter>Source Files</Filter>
    </ClCompile>
    <ClCompile Include="Common.Utility.cpp">
      <Filter>Source Files</Filter>
    </ClCompile>
    <ClCompile Include="Common.Application.cpp">
      <Filter>Source Files</Filter>
    </ClCompile>
    <ClCompile Include="Data.JSON.cpp">
      <Filter>Source Files</Filter>
    </ClCompile>
    <ClCompile Include="Application.cpp">
      <Filter>Source Files</Filter>
    </ClCompile>
    <ClCompile Include="Graphics.Colors.cpp">
      <Filter>Source Files</Filter>
    </ClCompile>
    <ClCompile Include="Graphics.Textures.cpp">
      <Filter>Source Files</Filter>
    </ClCompile>
    <ClCompile Include="Graphics.Sprites.cpp">
      <Filter>Source Files</Filter>
    </ClCompile>
    <ClCompile Include="Graphics.Sprite.cpp">
      <Filter>Source Files</Filter>
    </ClCompile>
    <ClCompile Include="Graphics.Font.cpp">
      <Filter>Source Files</Filter>
    </ClCompile>
    <ClCompile Include="Graphics.Fonts.cpp">
      <Filter>Source Files</Filter>
    </ClCompile>
    <ClCompile Include="Graphics.Image.cpp">
      <Filter>Source Files</Filter>
    </ClCompile>
    <ClCompile Include="Graphics.Text.cpp">
      <Filter>Source Files</Filter>
    </ClCompile>
    <ClCompile Include="Graphics.Layout.cpp">
      <Filter>Source Files</Filter>
    </ClCompile>
    <ClCompile Include="Graphics.Layouts.cpp">
      <Filter>Source Files</Filter>
    </ClCompile>
    <ClCompile Include="Common.Sounds.cpp">
      <Filter>Source Files</Filter>
    </ClCompile>
    <ClCompile Include="Options.cpp">
      <Filter>Source Files</Filter>
    </ClCompile>
    <ClCompile Include="State.Splash.cpp">
      <Filter>Source Files</Filter>
    </ClCompile>
    <ClCompile Include="State.Start.cpp">
      <Filter>Source Files</Filter>
    </ClCompile>
    <ClCompile Include="State.Options.cpp">
      <Filter>Source Files</Filter>
    </ClCompile>
    <ClCompile Include="State.MainMenu.cpp">
      <Filter>Source Files</Filter>
    </ClCompile>
    <ClCompile Include="State.About.cpp">
      <Filter>Source Files</Filter>
    </ClCompile>
    <ClCompile Include="State.ConfirmQuit.cpp">
      <Filter>Source Files</Filter>
    </ClCompile>
    <ClCompile Include="Graphics.Menu.cpp">
      <Filter>Source Files</Filter>
    </ClCompile>
    <ClCompile Include="Application.MouseMotion.cpp">
      <Filter>Source Files</Filter>
    </ClCompile>
    <ClCompile Include="Application.Command.cpp">
      <Filter>Source Files</Filter>
    </ClCompile>
    <ClCompile Include="Application.TextInput.cpp">
      <Filter>Source Files</Filter>
    </ClCompile>
    <ClCompile Include="Application.Update.cpp">
      <Filter>Source Files</Filter>
    </ClCompile>
    <ClCompile Include="Application.MouseWheel.cpp">
      <Filter>Source Files</Filter>
    </ClCompile>
    <ClCompile Include="Application.MouseButtonDown.cpp">
      <Filter>Source Files</Filter>
    </ClCompile>
    <ClCompile Include="Application.MouseButtonUp.cpp">
      <Filter>Source Files</Filter>
    </ClCompile>
    <ClCompile Include="Application.UIState.cpp">
      <Filter>Source Files</Filter>
    </ClCompile>
    <ClCompile Include="Application.Renderer.cpp">
      <Filter>Source Files</Filter>
    </ClCompile>
    <ClCompile Include="Graphics.Menus.cpp">
      <Filter>Source Files</Filter>
    </ClCompile>
    <ClCompile Include="Graphics.MenuItems.cpp">
      <Filter>Source Files</Filter>
    </ClCompile>
    <ClCompile Include="Graphics.Texts.cpp">
      <Filter>Source Files</Filter>
    </ClCompile>
    <ClCompile Include="Maze.cpp">
      <Filter>Source Files</Filter>
    </ClCompile>
    <ClCompile Include="Maze.Cell.cpp">
      <Filter>Source Files</Filter>
    </ClCompile>
    <ClCompile Include="Maze.Direction.cpp">
      <Filter>Source Files</Filter>
    </ClCompile>
  </ItemGroup>
  <ItemGroup>
    <ClInclude Include="Common.RNG.h">
      <Filter>Header Files</Filter>
    </ClInclude>
    <ClInclude Include="Common.Utility.h">
      <Filter>Header Files</Filter>
    </ClInclude>
    <ClInclude Include="json.hpp">
      <Filter>Header Files</Filter>
    </ClInclude>
    <ClInclude Include="Data.JSON.h">
      <Filter>Header Files</Filter>
    </ClInclude>
    <ClInclude Include="UIState.h">
      <Filter>Header Files</Filter>
    </ClInclude>
    <ClInclude Include="Application.Renderer.h">
      <Filter>Header Files</Filter>
    </ClInclude>
    <ClInclude Include="Command.h">
      <Filter>Header Files</Filter>
    </ClInclude>
    <ClInclude Include="Graphics.Colors.h">
      <Filter>Header Files</Filter>
    </ClInclude>
    <ClInclude Include="Graphics.Textures.h">
      <Filter>Header Files</Filter>
    </ClInclude>
    <ClInclude Include="Graphics.Sprites.h">
      <Filter>Header Files</Filter>
    </ClInclude>
    <ClInclude Include="Graphics.Sprite.h">
      <Filter>Header Files</Filter>
    </ClInclude>
    <ClInclude Include="Common.XY.h">
      <Filter>Header Files</Filter>
    </ClInclude>
    <ClInclude Include="Graphics.Font.h">
      <Filter>Header Files</Filter>
    </ClInclude>
    <ClInclude Include="Graphics.Fonts.h">
      <Filter>Header Files</Filter>
    </ClInclude>
    <ClInclude Include="Graphics.Layouts.h">
      <Filter>Header Files</Filter>
    </ClInclude>
    <ClInclude Include="Common.Sounds.h">
      <Filter>Header Files</Filter>
    </ClInclude>
    <ClInclude Include="Options.h">
      <Filter>Header Files</Filter>
    </ClInclude>
    <ClInclude Include="Common.Properties.h">
      <Filter>Header Files</Filter>
    </ClInclude>
    <ClInclude Include="Graphics.Properties.h">
      <Filter>Header Files</Filter>
    </ClInclude>
    <ClInclude Include="Graphics.Types.h">
      <Filter>Header Files</Filter>
    </ClInclude>
    <ClInclude Include="Application.MouseMotion.h">
      <Filter>Header Files</Filter>
    </ClInclude>
    <ClInclude Include="Application.Command.h">
      <Filter>Header Files</Filter>
    </ClInclude>
    <ClInclude Include="Application.TextInput.h">
      <Filter>Header Files</Filter>
    </ClInclude>
    <ClInclude Include="Application.Update.h">
      <Filter>Header Files</Filter>
    </ClInclude>
    <ClInclude Include="Application.MouseButtonDown.h">
      <Filter>Header Files</Filter>
    </ClInclude>
    <ClInclude Include="Application.MouseButtonUp.h">
      <Filter>Header Files</Filter>
    </ClInclude>
    <ClInclude Include="Application.MouseWheel.h">
      <Filter>Header Files</Filter>
    </ClInclude>
    <ClInclude Include="Application.Handlers.h">
      <Filter>Header Files</Filter>
    </ClInclude>
    <ClInclude Include="Application.UIState.h">
      <Filter>Header Files</Filter>
    </ClInclude>
    <ClInclude Include="Graphics.Menus.h">
      <Filter>Header Files</Filter>
    </ClInclude>
    <ClInclude Include="Graphics.MenuItems.h">
      <Filter>Header Files</Filter>
    </ClInclude>
    <ClInclude Include="Graphics.Texts.h">
      <Filter>Header Files</Filter>
    </ClInclude>
    <ClInclude Include="Maze.h">
      <Filter>Header Files</Filter>
    </ClInclude>
    <ClInclude Include="Maze.Cell.h">
      <Filter>Header Files</Filter>
    </ClInclude>
    <ClInclude Include="Maze.Direction.h">
      <Filter>Header Files</Filter>
    </ClInclude>
    <ClInclude Include="Maze.Door.h">
      <Filter>Header Files</Filter>
    </ClInclude>
  </ItemGroup>
</Project>