<?xml version="1.0" encoding="utf-8"?>
<Project ToolsVersion="4.0" xmlns="http://schemas.microsoft.com/developer/msbuild/2003">
  <ItemGroup>
    <Filter Include="Source Files">
      <UniqueIdentifier>{4FC737F1-C7A5-4376-A066-2A32D752A2FF}</UniqueIdentifier>
      <Extensions>cpp;c;cc;cxx;c++;cppm;ixx;def;odl;idl;hpj;bat;asm;asmx</Extensions>
    </Filter>
    <Filter Include="Header Files">
      <UniqueIdentifier>{93995380-89BD-4b04-88EB-625FBE52EBFB}</UniqueIdentifier>
      <Extensions>h;hh;hpp;hxx;h++;hm;inl;inc;ipp;xsd</Extensions>
    </Filter>
  </ItemGroup>
  <ItemGroup>
    <ClCompile Include="Main.cpp">
      <Filter>Source Files</Filter>
    </ClCompile>
    <ClCompile Include="Common.RNG.cpp">
      <Filter>Source Files</Filter>
    </ClCompile>
    <ClCompile Include="Common.Utility.cpp">
      <Filter>Source Files</Filter>
    </ClCompile>
    <ClCompile Include="Common.Application.cpp">
      <Filter>Source Files</Filter>
    </ClCompile>
    <ClCompile Include="Data.JSON.cpp">
      <Filter>Source Files</Filter>
    </ClCompile>
    <ClCompile Include="Application.cpp">
      <Filter>Source Files</Filter>
    </ClCompile>
    <ClCompile Include="Visuals.Colors.cpp">
      <Filter>Source Files</Filter>
    </ClCompile>
    <ClCompile Include="Visuals.Textures.cpp">
      <Filter>Source Files</Filter>
    </ClCompile>
    <ClCompile Include="Visuals.Sprites.cpp">
      <Filter>Source Files</Filter>
    </ClCompile>
    <ClCompile Include="Visuals.Fonts.cpp">
      <Filter>Source Files</Filter>
    </ClCompile>
    <ClCompile Include="Visuals.Layouts.cpp">
      <Filter>Source Files</Filter>
    </ClCompile>
    <ClCompile Include="Common.Audio.cpp">
      <Filter>Source Files</Filter>
    </ClCompile>
    <ClCompile Include="Options.cpp">
      <Filter>Source Files</Filter>
    </ClCompile>
    <ClCompile Include="State.Splash.cpp">
      <Filter>Source Files</Filter>
    </ClCompile>
    <ClCompile Include="State.Start.cpp">
      <Filter>Source Files</Filter>
    </ClCompile>
    <ClCompile Include="State.Options.cpp">
      <Filter>Source Files</Filter>
    </ClCompile>
    <ClCompile Include="State.MainMenu.cpp">
      <Filter>Source Files</Filter>
    </ClCompile>
    <ClCompile Include="State.About.cpp">
      <Filter>Source Files</Filter>
    </ClCompile>
    <ClCompile Include="State.ConfirmQuit.cpp">
      <Filter>Source Files</Filter>
    </ClCompile>
    <ClCompile Include="Application.MouseMotion.cpp">
      <Filter>Source Files</Filter>
    </ClCompile>
    <ClCompile Include="Application.Command.cpp">
      <Filter>Source Files</Filter>
    </ClCompile>
    <ClCompile Include="Application.TextInput.cpp">
      <Filter>Source Files</Filter>
    </ClCompile>
    <ClCompile Include="Application.Update.cpp">
      <Filter>Source Files</Filter>
    </ClCompile>
    <ClCompile Include="Application.MouseButtonUp.cpp">
      <Filter>Source Files</Filter>
    </ClCompile>
    <ClCompile Include="Application.UIState.cpp">
      <Filter>Source Files</Filter>
    </ClCompile>
    <ClCompile Include="Application.Renderer.cpp">
      <Filter>Source Files</Filter>
    </ClCompile>
    <ClCompile Include="Visuals.Menus.cpp">
      <Filter>Source Files</Filter>
    </ClCompile>
    <ClCompile Include="Visuals.Texts.cpp">
      <Filter>Source Files</Filter>
    </ClCompile>
    <ClCompile Include="Maze.cpp">
      <Filter>Source Files</Filter>
    </ClCompile>
    <ClCompile Include="Maze.Cell.cpp">
      <Filter>Source Files</Filter>
    </ClCompile>
    <ClCompile Include="Maze.Direction.cpp">
      <Filter>Source Files</Filter>
    </ClCompile>
    <ClCompile Include="State.InPlay.MiniMap.cpp">
      <Filter>Source Files</Filter>
    </ClCompile>
    <ClCompile Include="Visuals.Images.cpp">
      <Filter>Source Files</Filter>
    </ClCompile>
    <ClCompile Include="Game.cpp">
      <Filter>Source Files</Filter>
    </ClCompile>
    <ClCompile Include="Game.Avatar.cpp">
      <Filter>Source Files</Filter>
    </ClCompile>
    <ClCompile Include="Game.World.cpp">
      <Filter>Source Files</Filter>
    </ClCompile>
    <ClCompile Include="Visuals.WorldMap.cpp">
      <Filter>Source Files</Filter>
    </ClCompile>
    <ClCompile Include="Game.Avatar.Statistics.cpp">
      <Filter>Source Files</Filter>
    </ClCompile>
    <ClCompile Include="State.LeavePlay.cpp">
      <Filter>Source Files</Filter>
    </ClCompile>
    <ClCompile Include="Game.Item.cpp">
      <Filter>Source Files</Filter>
    </ClCompile>
    <ClCompile Include="Visuals.Sublayout.cpp">
      <Filter>Source Files</Filter>
    </ClCompile>
    <ClCompile Include="Sublayout.POV.cpp">
      <Filter>Source Files</Filter>
    </ClCompile>
    <ClCompile Include="Application.Keyboard.cpp">
      <Filter>Source Files</Filter>
    </ClCompile>
    <ClCompile Include="Game.Avatar.Items.cpp">
      <Filter>Source Files</Filter>
    </ClCompile>
    <ClCompile Include="State.InPlay.FloorInventory.cpp">
      <Filter>Source Files</Filter>
    </ClCompile>
    <ClCompile Include="State.InPlay.AvatarInventory.cpp">
      <Filter>Source Files</Filter>
    </ClCompile>
    <ClCompile Include="State.InPlay.AvatarStatus.cpp">
      <Filter>Source Files</Filter>
    </ClCompile>
    <ClCompile Include="Visuals.AvatarInventory.cpp">
      <Filter>Source Files</Filter>
    </ClCompile>
    <ClCompile Include="Sublayout.QuickStats.cpp">
      <Filter>Source Files</Filter>
    </ClCompile>
    <ClCompile Include="Game.Creatures.cpp">
      <Filter>Source Files</Filter>
    </ClCompile>
    <ClCompile Include="State.InPlay.Combat.cpp">
      <Filter>Source Files</Filter>
    </ClCompile>
    <ClCompile Include="State.InPlay.CombatResult.cpp">
      <Filter>Source Files</Filter>
    </ClCompile>
    <ClCompile Include="Game.Combat.cpp">
      <Filter>Source Files</Filter>
    </ClCompile>
    <ClCompile Include="Sublayout.EnemyStats.cpp">
      <Filter>Source Files</Filter>
    </ClCompile>
    <ClCompile Include="State.InPlay.Dead.cpp">
      <Filter>Source Files</Filter>
    </ClCompile>
    <ClCompile Include="State.InPlay.Exit.cpp">
      <Filter>Source Files</Filter>
    </ClCompile>
    <ClCompile Include="Game.CombatDeck.cpp">
      <Filter>Source Files</Filter>
    </ClCompile>
    <ClCompile Include="Game.World.Items.cpp">
      <Filter>Source Files</Filter>
    </ClCompile>
    <ClCompile Include="Visuals.CardSprites.cpp">
      <Filter>Source Files</Filter>
    </ClCompile>
    <ClCompile Include="Game.Creature.cpp">
      <Filter>Source Files</Filter>
    </ClCompile>
    <ClCompile Include="Data.Stores.cpp">
      <Filter>Source Files</Filter>
    </ClCompile>
    <ClCompile Include="Visuals.Data.Types.cpp">
      <Filter>Source Files</Filter>
    </ClCompile>
    <ClCompile Include="Application.Sounds.cpp">
      <Filter>Source Files</Filter>
    </ClCompile>
    <ClCompile Include="State.LoadGame.cpp">
      <Filter>Source Files</Filter>
    </ClCompile>
    <ClCompile Include="Application.OnEnter.cpp">
      <Filter>Source Files</Filter>
    </ClCompile>
    <ClCompile Include="Visuals.Areas.cpp">
      <Filter>Source Files</Filter>
    </ClCompile>
    <ClCompile Include="Sublayout.UIHamburger.cpp">
      <Filter>Source Files</Filter>
    </ClCompile>
    <ClCompile Include="Sublayout.TabControls.cpp">
      <Filter>Source Files</Filter>
    </ClCompile>
    <ClCompile Include="State.SaveGame.cpp">
      <Filter>Source Files</Filter>
    </ClCompile>
    <ClCompile Include="State.ConfirmAbandon.cpp">
      <Filter>Source Files</Filter>
    </ClCompile>
    <ClCompile Include="State.ConfirmOverwrite.cpp">
      <Filter>Source Files</Filter>
    </ClCompile>
    <ClCompile Include="Game.Shoppes.cpp">
      <Filter>Source Files</Filter>
    </ClCompile>
    <ClCompile Include="State.InPlay.Trade.cpp">
      <Filter>Source Files</Filter>
    </ClCompile>
    <ClCompile Include="Game.World.Borders.cpp">
      <Filter>Source Files</Filter>
    </ClCompile>
    <ClCompile Include="Game.World.Data.cpp">
      <Filter>Source Files</Filter>
    </ClCompile>
    <ClCompile Include="Game.Audio.Mux.cpp">
      <Filter>Source Files</Filter>
    </ClCompile>
  </ItemGroup>
  <ItemGroup>
    <ClInclude Include="Common.RNG.h">
      <Filter>Header Files</Filter>
    </ClInclude>
    <ClInclude Include="Common.Utility.h">
      <Filter>Header Files</Filter>
    </ClInclude>
    <ClInclude Include="json.hpp">
      <Filter>Header Files</Filter>
    </ClInclude>
    <ClInclude Include="Data.JSON.h">
      <Filter>Header Files</Filter>
    </ClInclude>
    <ClInclude Include="Application.Renderer.h">
      <Filter>Header Files</Filter>
    </ClInclude>
    <ClInclude Include="Visuals.Colors.h">
      <Filter>Header Files</Filter>
    </ClInclude>
    <ClInclude Include="Visuals.Textures.h">
      <Filter>Header Files</Filter>
    </ClInclude>
    <ClInclude Include="Visuals.Sprites.h">
      <Filter>Header Files</Filter>
    </ClInclude>
    <ClInclude Include="Common.XY.h">
      <Filter>Header Files</Filter>
    </ClInclude>
    <ClInclude Include="Visuals.Fonts.h">
      <Filter>Header Files</Filter>
    </ClInclude>
    <ClInclude Include="Visuals.Layouts.h">
      <Filter>Header Files</Filter>
    </ClInclude>
    <ClInclude Include="Common.Audio.h">
      <Filter>Header Files</Filter>
    </ClInclude>
    <ClInclude Include="Options.h">
      <Filter>Header Files</Filter>
    </ClInclude>
    <ClInclude Include="Common.Data.Properties.h">
      <Filter>Header Files</Filter>
    </ClInclude>
    <ClInclude Include="Visuals.Data.Properties.h">
      <Filter>Header Files</Filter>
    </ClInclude>
    <ClInclude Include="Visuals.Data.Types.h">
      <Filter>Header Files</Filter>
    </ClInclude>
    <ClInclude Include="Application.MouseMotion.h">
      <Filter>Header Files</Filter>
    </ClInclude>
    <ClInclude Include="Application.Command.h">
      <Filter>Header Files</Filter>
    </ClInclude>
    <ClInclude Include="Application.TextInput.h">
      <Filter>Header Files</Filter>
    </ClInclude>
    <ClInclude Include="Application.Update.h">
      <Filter>Header Files</Filter>
    </ClInclude>
    <ClInclude Include="Application.MouseButtonUp.h">
      <Filter>Header Files</Filter>
    </ClInclude>
    <ClInclude Include="Application.Handlers.h">
      <Filter>Header Files</Filter>
    </ClInclude>
    <ClInclude Include="Application.UIState.h">
      <Filter>Header Files</Filter>
    </ClInclude>
    <ClInclude Include="Visuals.Menus.h">
      <Filter>Header Files</Filter>
    </ClInclude>
    <ClInclude Include="Visuals.Texts.h">
      <Filter>Header Files</Filter>
    </ClInclude>
    <ClInclude Include="Maze.h">
      <Filter>Header Files</Filter>
    </ClInclude>
    <ClInclude Include="Maze.Cell.h">
      <Filter>Header Files</Filter>
    </ClInclude>
    <ClInclude Include="Maze.Direction.h">
      <Filter>Header Files</Filter>
    </ClInclude>
    <ClInclude Include="Visuals.Images.h">
      <Filter>Header Files</Filter>
    </ClInclude>
    <ClInclude Include="Game.h">
      <Filter>Header Files</Filter>
    </ClInclude>
    <ClInclude Include="Game.World.h">
      <Filter>Header Files</Filter>
    </ClInclude>
    <ClInclude Include="Game.Avatar.h">
      <Filter>Header Files</Filter>
    </ClInclude>
    <ClInclude Include="Game.Avatar.Statistics.h">
      <Filter>Header Files</Filter>
    </ClInclude>
    <ClInclude Include="Game.Item.h">
      <Filter>Header Files</Filter>
    </ClInclude>
    <ClInclude Include="Application.Keyboard.h">
      <Filter>Header Files</Filter>
    </ClInclude>
    <ClInclude Include="Game.Avatar.Items.h">
      <Filter>Header Files</Filter>
    </ClInclude>
    <ClInclude Include="Visuals.AvatarInventory.h">
      <Filter>Header Files</Filter>
    </ClInclude>
    <ClInclude Include="Game.Creature.h">
      <Filter>Header Files</Filter>
    </ClInclude>
    <ClInclude Include="Game.Creatures.h">
      <Filter>Header Files</Filter>
    </ClInclude>
    <ClInclude Include="Game.Combat.h">
      <Filter>Header Files</Filter>
    </ClInclude>
    <ClInclude Include="Application.Sounds.h">
      <Filter>Header Files</Filter>
    </ClInclude>
    <ClInclude Include="Common.Card.h">
      <Filter>Header Files</Filter>
    </ClInclude>
    <ClInclude Include="Common.Deck.h">
      <Filter>Header Files</Filter>
    </ClInclude>
    <ClInclude Include="Game.CombatDeck.h">
      <Filter>Header Files</Filter>
    </ClInclude>
    <ClInclude Include="Game.World.Items.h">
      <Filter>Header Files</Filter>
    </ClInclude>
    <ClInclude Include="Game.Data.Properties.h">
      <Filter>Header Files</Filter>
    </ClInclude>
    <ClInclude Include="States.h">
      <Filter>Header Files</Filter>
    </ClInclude>
    <ClInclude Include="Sublayouts.h">
      <Filter>Header Files</Filter>
    </ClInclude>
    <ClInclude Include="Visuals.CardSprites.h">
      <Filter>Header Files</Filter>
    </ClInclude>
    <ClInclude Include="Common.Application.h">
      <Filter>Header Files</Filter>
    </ClInclude>
    <ClInclude Include="Data.Stores.h">
      <Filter>Header Files</Filter>
    </ClInclude>
    <ClInclude Include="Application.OnEnter.h">
      <Filter>Header Files</Filter>
    </ClInclude>
    <ClInclude Include="Visuals.Areas.h">
      <Filter>Header Files</Filter>
    </ClInclude>
    <ClInclude Include="Visuals.Data.Colors.h">
      <Filter>Header Files</Filter>
    </ClInclude>
    <ClInclude Include="Game.Shoppes.h">
      <Filter>Header Files</Filter>
    </ClInclude>
    <ClInclude Include="Game.World.Borders.h">
      <Filter>Header Files</Filter>
    </ClInclude>
    <ClInclude Include="Game.World.Data.h">
      <Filter>Header Files</Filter>
    </ClInclude>
    <ClInclude Include="Game.Audio.Mux.h">
      <Filter>Header Files</Filter>
    </ClInclude>
  </ItemGroup>
</Project>